{
  "name": "queencheck-scanner",
  "version": "1.4.0",
  "lockfileVersion": 3,
  "requires": true,
  "packages": {
    "": {
      "name": "queencheck-scanner",
      "version": "1.4.0",
      "dependencies": {
        "html5-qrcode": "^2.3.8",
        "react": "^19.0.0",
        "react-dom": "^19.0.0"
      },
      "devDependencies": {
        "@types/react": "^19.0.0",
        "@types/react-dom": "^19.0.0",
        "@vitejs/plugin-react": "^4.3.4",
        "typescript": "^5.7.2",
        "vite": "^6.0.3"
      }
    },
    "node_modules/html5-qrcode": {
      "version": "2.3.8",
      "resolved": "https://registry.npmjs.org/html5-qrcode/-/html5-qrcode-2.3.8.tgz",
      "integrity": "sha512-Y4InYx6Sp8vMM96uU0sa3VSuOqq1sAsI8U5qD7fFh8iL5H2O8qPqS4OaL0+9A8k2G0n3W8s6M58/2m9065/8p0w=="
    }
  }
}